
Microsoft Visual Studio Solution File, Format Version 12.00
# Visual Studio 2012
Project("{FAE04EC0-301F-11D3-BF4B-00C04F79EFBC}") = "UnityVS.SmartphoneGame.CSharp", "UnityVS.SmartphoneGame.CSharp.csproj", "{DCEA425A-F5B9-72EF-90A3-E2DA44CAE3F3}"
EndProject
Project("{FAE04EC0-301F-11D3-BF4B-00C04F79EFBC}") = "UnityVS.SmartphoneGame.CSharp.Plugins", "UnityVS.SmartphoneGame.CSharp.Plugins.csproj", "{FDAE099D-9876-5329-A68C-51B0DE3F431D}"
EndProject
Global
	GlobalSection(SolutionConfigurationPlatforms) = preSolution
		Debug|Any CPU = Debug|Any CPU
		Release|Any CPU = Release|Any CPU
	EndGlobalSection
	GlobalSection(ProjectConfigurationPlatforms) = postSolution
		{DCEA425A-F5B9-72EF-90A3-E2DA44CAE3F3}.Debug|Any CPU.ActiveCfg = Debug|Any CPU
		{DCEA425A-F5B9-72EF-90A3-E2DA44CAE3F3}.Debug|Any CPU.Build.0 = Debug|Any CPU
		{DCEA425A-F5B9-72EF-90A3-E2DA44CAE3F3}.Release|Any CPU.ActiveCfg = Release|Any CPU
		{DCEA425A-F5B9-72EF-90A3-E2DA44CAE3F3}.Release|Any CPU.Build.0 = Release|Any CPU
		{FDAE099D-9876-5329-A68C-51B0DE3F431D}.Debug|Any CPU.ActiveCfg = Debug|Any CPU
		{FDAE099D-9876-5329-A68C-51B0DE3F431D}.Debug|Any CPU.Build.0 = Debug|Any CPU
		{FDAE099D-9876-5329-A68C-51B0DE3F431D}.Release|Any CPU.ActiveCfg = Release|Any CPU
		{FDAE099D-9876-5329-A68C-51B0DE3F431D}.Release|Any CPU.Build.0 = Release|Any CPU
	EndGlobalSection
	GlobalSection(SolutionProperties) = preSolution
		HideSolutionNode = FALSE
	EndGlobalSection
EndGlobal
